
Microsoft Visual Studio Solution File, Format Version 12.00
# Visual Studio Version 16
VisualStudioVersion = 16.0.31005.135
MinimumVisualStudioVersion = 10.0.40219.1
Project("{FAE04EC0-301F-11D3-BF4B-00C04F79EFBC}") = "DataProject", "DataProject\DataProject.csproj", "{C6FF21F0-7458-4C86-B6D3-BFE5B9BF0E74}"
EndProject
Project("{FAE04EC0-301F-11D3-BF4B-00C04F79EFBC}") = "PresentationProject", "PresentationProject\PresentationProject.csproj", "{ABF1FE09-81DF-41FF-9B64-42CED9FEF23E}"
EndProject
Global
	GlobalSection(SolutionConfigurationPlatforms) = preSolution
		Debug|Any CPU = Debug|Any CPU
		Release|Any CPU = Release|Any CPU
	EndGlobalSection
	GlobalSection(ProjectConfigurationPlatforms) = postSolution
		{C6FF21F0-7458-4C86-B6D3-BFE5B9BF0E74}.Debug|Any CPU.ActiveCfg = Debug|Any CPU
		{C6FF21F0-7458-4C86-B6D3-BFE5B9BF0E74}.Debug|Any CPU.Build.0 = Debug|Any CPU
		{C6FF21F0-7458-4C86-B6D3-BFE5B9BF0E74}.Release|Any CPU.ActiveCfg = Release|Any CPU
		{C6FF21F0-7458-4C86-B6D3-BFE5B9BF0E74}.Release|Any CPU.Build.0 = Release|Any CPU
		{ABF1FE09-81DF-41FF-9B64-42CED9FEF23E}.Debug|Any CPU.ActiveCfg = Debug|Any CPU
		{ABF1FE09-81DF-41FF-9B64-42CED9FEF23E}.Debug|Any CPU.Build.0 = Debug|Any CPU
		{ABF1FE09-81DF-41FF-9B64-42CED9FEF23E}.Release|Any CPU.ActiveCfg = Release|Any CPU
		{ABF1FE09-81DF-41FF-9B64-42CED9FEF23E}.Release|Any CPU.Build.0 = Release|Any CPU
	EndGlobalSection
	GlobalSection(SolutionProperties) = preSolution
		HideSolutionNode = FALSE
	EndGlobalSection
	GlobalSection(ExtensibilityGlobals) = postSolution
		SolutionGuid = {73DDD8DA-22D3-4147-B54E-20EB93A48F3D}
	EndGlobalSection
EndGlobal
